
Microsoft Visual Studio Solution File, Format Version 12.00
# Visual Studio 15
Project("{FAE04EC0-301F-11D3-BF4B-00C04F79EFBC}") = "Assembly-CSharp-firstpass", "Assembly-CSharp-firstpass.csproj", "{C76AA4BB-D084-0991-BADA-A3C58FEC87AF}"
EndProject
Project("{FAE04EC0-301F-11D3-BF4B-00C04F79EFBC}") = "Assembly-CSharp", "Assembly-CSharp.csproj", "{610206BB-DB82-2F19-6047-476F7B33EC7B}"
EndProject
Project("{FAE04EC0-301F-11D3-BF4B-00C04F79EFBC}") = "Assembly-CSharp-Editor-firstpass", "Assembly-CSharp-Editor-firstpass.csproj", "{52B31C5B-BB6A-EE30-F0E3-80517A98950D}"
EndProject
Project("{FAE04EC0-301F-11D3-BF4B-00C04F79EFBC}") = "Assembly-CSharp-Editor", "Assembly-CSharp-Editor.csproj", "{E5C88AD8-9C01-FC14-D76F-934619F12808}"
EndProject
Global
	GlobalSection(SolutionConfigurationPlatforms) = preSolution
		Debug|Any CPU = Debug|Any CPU
		Release|Any CPU = Release|Any CPU
	EndGlobalSection
	GlobalSection(ProjectConfigurationPlatforms) = postSolution
		{C76AA4BB-D084-0991-BADA-A3C58FEC87AF}.Debug|Any CPU.ActiveCfg = Debug|Any CPU
		{C76AA4BB-D084-0991-BADA-A3C58FEC87AF}.Debug|Any CPU.Build.0 = Debug|Any CPU
		{C76AA4BB-D084-0991-BADA-A3C58FEC87AF}.Release|Any CPU.ActiveCfg = Release|Any CPU
		{C76AA4BB-D084-0991-BADA-A3C58FEC87AF}.Release|Any CPU.Build.0 = Release|Any CPU
		{610206BB-DB82-2F19-6047-476F7B33EC7B}.Debug|Any CPU.ActiveCfg = Debug|Any CPU
		{610206BB-DB82-2F19-6047-476F7B33EC7B}.Debug|Any CPU.Build.0 = Debug|Any CPU
		{610206BB-DB82-2F19-6047-476F7B33EC7B}.Release|Any CPU.ActiveCfg = Release|Any CPU
		{610206BB-DB82-2F19-6047-476F7B33EC7B}.Release|Any CPU.Build.0 = Release|Any CPU
		{52B31C5B-BB6A-EE30-F0E3-80517A98950D}.Debug|Any CPU.ActiveCfg = Debug|Any CPU
		{52B31C5B-BB6A-EE30-F0E3-80517A98950D}.Debug|Any CPU.Build.0 = Debug|Any CPU
		{52B31C5B-BB6A-EE30-F0E3-80517A98950D}.Release|Any CPU.ActiveCfg = Release|Any CPU
		{52B31C5B-BB6A-EE30-F0E3-80517A98950D}.Release|Any CPU.Build.0 = Release|Any CPU
		{E5C88AD8-9C01-FC14-D76F-934619F12808}.Debug|Any CPU.ActiveCfg = Debug|Any CPU
		{E5C88AD8-9C01-FC14-D76F-934619F12808}.Debug|Any CPU.Build.0 = Debug|Any CPU
		{E5C88AD8-9C01-FC14-D76F-934619F12808}.Release|Any CPU.ActiveCfg = Release|Any CPU
		{E5C88AD8-9C01-FC14-D76F-934619F12808}.Release|Any CPU.Build.0 = Release|Any CPU
	EndGlobalSection
	GlobalSection(SolutionProperties) = preSolution
		HideSolutionNode = FALSE
	EndGlobalSection
EndGlobal
